
Microsoft Visual Studio Solution File, Format Version 12.00
# Visual Studio Version 16
VisualStudioVersion = 16.0.31129.286
MinimumVisualStudioVersion = 10.0.40219.1
Project("{FAE04EC0-301F-11D3-BF4B-00C04F79EFBC}") = "ReplaceByList", "ReplaceByList\ReplaceByList.csproj", "{390F3E00-3058-4C4F-9AD7-BDB54758321D}"
EndProject
Global
	GlobalSection(SolutionConfigurationPlatforms) = preSolution
		Debug|Any CPU = Debug|Any CPU
		Release|Any CPU = Release|Any CPU
	EndGlobalSection
	GlobalSection(ProjectConfigurationPlatforms) = postSolution
		{390F3E00-3058-4C4F-9AD7-BDB54758321D}.Debug|Any CPU.ActiveCfg = Debug|Any CPU
		{390F3E00-3058-4C4F-9AD7-BDB54758321D}.Debug|Any CPU.Build.0 = Debug|Any CPU
		{390F3E00-3058-4C4F-9AD7-BDB54758321D}.Release|Any CPU.ActiveCfg = Release|Any CPU
		{390F3E00-3058-4C4F-9AD7-BDB54758321D}.Release|Any CPU.Build.0 = Release|Any CPU
	EndGlobalSection
	GlobalSection(SolutionProperties) = preSolution
		HideSolutionNode = FALSE
	EndGlobalSection
	GlobalSection(ExtensibilityGlobals) = postSolution
		SolutionGuid = {46FB892F-A63F-47A0-9ACB-FF325E427B7F}
	EndGlobalSection
EndGlobal
